
Microsoft Visual Studio Solution File, Format Version 12.00
# Visual Studio Version 17
VisualStudioVersion = 17.4.33205.214
MinimumVisualStudioVersion = 10.0.40219.1
Project("{FAE04EC0-301F-11D3-BF4B-00C04F79EFBC}") = "demo1", "demo1\demo1.csproj", "{2254F98C-7CA0-4D19-B6B3-F053F143E11C}"
EndProject
Global
	GlobalSection(SolutionConfigurationPlatforms) = preSolution
		Debug|Any CPU = Debug|Any CPU
		Release|Any CPU = Release|Any CPU
	EndGlobalSection
	GlobalSection(ProjectConfigurationPlatforms) = postSolution
		{2254F98C-7CA0-4D19-B6B3-F053F143E11C}.Debug|Any CPU.ActiveCfg = Debug|Any CPU
		{2254F98C-7CA0-4D19-B6B3-F053F143E11C}.Debug|Any CPU.Build.0 = Debug|Any CPU
		{2254F98C-7CA0-4D19-B6B3-F053F143E11C}.Release|Any CPU.ActiveCfg = Release|Any CPU
		{2254F98C-7CA0-4D19-B6B3-F053F143E11C}.Release|Any CPU.Build.0 = Release|Any CPU
	EndGlobalSection
	GlobalSection(SolutionProperties) = preSolution
		HideSolutionNode = FALSE
	EndGlobalSection
	GlobalSection(ExtensibilityGlobals) = postSolution
		SolutionGuid = {1927395B-F6BB-44CF-8F55-40C1C92E13DF}
	EndGlobalSection
EndGlobal
